
Microsoft Visual Studio Solution File, Format Version 12.00
# Visual Studio Version 16
VisualStudioVersion = 16.0.28803.352
MinimumVisualStudioVersion = 10.0.40219.1
Project("{FAE04EC0-301F-11D3-BF4B-00C04F79EFBC}") = "Uplvlr", "Uplvlr\Uplvlr.csproj", "{472E6363-5C75-4B76-BA52-67C22B173AAD}"
EndProject
Global
	GlobalSection(SolutionConfigurationPlatforms) = preSolution
		Debug|Any CPU = Debug|Any CPU
		Release|Any CPU = Release|Any CPU
	EndGlobalSection
	GlobalSection(ProjectConfigurationPlatforms) = postSolution
		{472E6363-5C75-4B76-BA52-67C22B173AAD}.Debug|Any CPU.ActiveCfg = Debug|Any CPU
		{472E6363-5C75-4B76-BA52-67C22B173AAD}.Debug|Any CPU.Build.0 = Debug|Any CPU
		{472E6363-5C75-4B76-BA52-67C22B173AAD}.Release|Any CPU.ActiveCfg = Release|Any CPU
		{472E6363-5C75-4B76-BA52-67C22B173AAD}.Release|Any CPU.Build.0 = Release|Any CPU
	EndGlobalSection
	GlobalSection(SolutionProperties) = preSolution
		HideSolutionNode = FALSE
	EndGlobalSection
	GlobalSection(ExtensibilityGlobals) = postSolution
		SolutionGuid = {14ED0800-0855-4A7A-AC6D-EFD256C69E62}
	EndGlobalSection
EndGlobal
